// !$*UTF8*$!
{
	archiveVersion = 1;
	classes = {
	};
	objectVersion = 50;
	objects = {

/* Begin PBXBuildFile section */
		A21930E625B006B1005AEAE4 /* MTAddCardButton.swift in Sources */ = {isa = PBXBuildFile; fileRef = A21930E525B006B1005AEAE4 /* MTAddCardButton.swift */; };
		A21930EA25B012F7005AEAE4 /* MTAddCardButtonCell.swift in Sources */ = {isa = PBXBuildFile; fileRef = A21930E925B012F7005AEAE4 /* MTAddCardButtonCell.swift */; };
		A229363025AC718B00EEB34A /* AppDelegate.swift in Sources */ = {isa = PBXBuildFile; fileRef = A229362F25AC718B00EEB34A /* AppDelegate.swift */; };
		A229363225AC718B00EEB34A /* SceneDelegate.swift in Sources */ = {isa = PBXBuildFile; fileRef = A229363125AC718B00EEB34A /* SceneDelegate.swift */; };
		A229363425AC718B00EEB34A /* ViewController.swift in Sources */ = {isa = PBXBuildFile; fileRef = A229363325AC718B00EEB34A /* ViewController.swift */; };
		A229363925AC718D00EEB34A /* Assets.xcassets in Resources */ = {isa = PBXBuildFile; fileRef = A229363825AC718D00EEB34A /* Assets.xcassets */; };
		A229363C25AC718D00EEB34A /* LaunchScreen.storyboard in Resources */ = {isa = PBXBuildFile; fileRef = A229363A25AC718D00EEB34A /* LaunchScreen.storyboard */; };
		A22936A725AD60B200EEB34A /* TransferVC.swift in Sources */ = {isa = PBXBuildFile; fileRef = A22936A625AD60B200EEB34A /* TransferVC.swift */; };
		A22936AA25AD60D300EEB34A /* CardsVC.swift in Sources */ = {isa = PBXBuildFile; fileRef = A22936A925AD60D300EEB34A /* CardsVC.swift */; };
		A22936AD25AD60F200EEB34A /* TransactionsVC.swift in Sources */ = {isa = PBXBuildFile; fileRef = A22936AC25AD60F100EEB34A /* TransactionsVC.swift */; };
		A22936B025AD610B00EEB34A /* MenuVC.swift in Sources */ = {isa = PBXBuildFile; fileRef = A22936AF25AD610B00EEB34A /* MenuVC.swift */; };
		A27D60B425AD76BB00EA1B00 /* MTImageView.swift in Sources */ = {isa = PBXBuildFile; fileRef = A27D60B325AD76BB00EA1B00 /* MTImageView.swift */; };
		A27D60BA25AD770500EA1B00 /* MTButton.swift in Sources */ = {isa = PBXBuildFile; fileRef = A27D60B925AD770500EA1B00 /* MTButton.swift */; };
		A27D60C925ADA2F200EA1B00 /* MTView.swift in Sources */ = {isa = PBXBuildFile; fileRef = A27D60C825ADA2F200EA1B00 /* MTView.swift */; };
		A27D60D325ADA9B700EA1B00 /* MTBodyLabel.swift in Sources */ = {isa = PBXBuildFile; fileRef = A27D60D025ADA9B700EA1B00 /* MTBodyLabel.swift */; };
		A27D60D425ADA9B700EA1B00 /* MTSecondaryTitleLabel.swift in Sources */ = {isa = PBXBuildFile; fileRef = A27D60D125ADA9B700EA1B00 /* MTSecondaryTitleLabel.swift */; };
		A27D60D525ADA9B700EA1B00 /* GFTitleLabel.swift in Sources */ = {isa = PBXBuildFile; fileRef = A27D60D225ADA9B700EA1B00 /* GFTitleLabel.swift */; };
		A28166DA25AEC1C40037B1D5 /* MoneyTransferTests.swift in Sources */ = {isa = PBXBuildFile; fileRef = A28166D925AEC1C40037B1D5 /* MoneyTransferTests.swift */; };
		A28166FC25AEDB530037B1D5 /* CardView.swift in Sources */ = {isa = PBXBuildFile; fileRef = A28166FB25AEDB530037B1D5 /* CardView.swift */; };
		A281670525AEED920037B1D5 /* Card.swift in Sources */ = {isa = PBXBuildFile; fileRef = A281670425AEED920037B1D5 /* Card.swift */; };
		A281670E25AEEF4C0037B1D5 /* CardViewCell.swift in Sources */ = {isa = PBXBuildFile; fileRef = A281670D25AEEF4C0037B1D5 /* CardViewCell.swift */; };
		A2E10C9525B0640100DE7634 /* BaseCardTableVIewCell.swift in Sources */ = {isa = PBXBuildFile; fileRef = A2E10C9425B0640100DE7634 /* BaseCardTableVIewCell.swift */; };
/* End PBXBuildFile section */

/* Begin PBXContainerItemProxy section */
		A28166DC25AEC1C40037B1D5 /* PBXContainerItemProxy */ = {
			isa = PBXContainerItemProxy;
			containerPortal = A229362425AC718B00EEB34A /* Project object */;
			proxyType = 1;
			remoteGlobalIDString = A229362B25AC718B00EEB34A;
			remoteInfo = MoneyTransfer;
		};
/* End PBXContainerItemProxy section */

/* Begin PBXFileReference section */
		A21930E525B006B1005AEAE4 /* MTAddCardButton.swift */ = {isa = PBXFileReference; lastKnownFileType = sourcecode.swift; path = MTAddCardButton.swift; sourceTree = "<group>"; };
		A21930E925B012F7005AEAE4 /* MTAddCardButtonCell.swift */ = {isa = PBXFileReference; lastKnownFileType = sourcecode.swift; path = MTAddCardButtonCell.swift; sourceTree = "<group>"; };
		A229362C25AC718B00EEB34A /* MoneyTransfer.app */ = {isa = PBXFileReference; explicitFileType = wrapper.application; includeInIndex = 0; path = MoneyTransfer.app; sourceTree = BUILT_PRODUCTS_DIR; };
		A229362F25AC718B00EEB34A /* AppDelegate.swift */ = {isa = PBXFileReference; lastKnownFileType = sourcecode.swift; path = AppDelegate.swift; sourceTree = "<group>"; };
		A229363125AC718B00EEB34A /* SceneDelegate.swift */ = {isa = PBXFileReference; lastKnownFileType = sourcecode.swift; path = SceneDelegate.swift; sourceTree = "<group>"; };
		A229363325AC718B00EEB34A /* ViewController.swift */ = {isa = PBXFileReference; lastKnownFileType = sourcecode.swift; path = ViewController.swift; sourceTree = "<group>"; };
		A229363825AC718D00EEB34A /* Assets.xcassets */ = {isa = PBXFileReference; lastKnownFileType = folder.assetcatalog; path = Assets.xcassets; sourceTree = "<group>"; };
		A229363B25AC718D00EEB34A /* Base */ = {isa = PBXFileReference; lastKnownFileType = file.storyboard; name = Base; path = Base.lproj/LaunchScreen.storyboard; sourceTree = "<group>"; };
		A229363D25AC718D00EEB34A /* Info.plist */ = {isa = PBXFileReference; lastKnownFileType = text.plist.xml; path = Info.plist; sourceTree = "<group>"; };
		A22936A625AD60B200EEB34A /* TransferVC.swift */ = {isa = PBXFileReference; lastKnownFileType = sourcecode.swift; path = TransferVC.swift; sourceTree = "<group>"; };
		A22936A925AD60D300EEB34A /* CardsVC.swift */ = {isa = PBXFileReference; lastKnownFileType = sourcecode.swift; path = CardsVC.swift; sourceTree = "<group>"; };
		A22936AC25AD60F100EEB34A /* TransactionsVC.swift */ = {isa = PBXFileReference; lastKnownFileType = sourcecode.swift; path = TransactionsVC.swift; sourceTree = "<group>"; };
		A22936AF25AD610B00EEB34A /* MenuVC.swift */ = {isa = PBXFileReference; lastKnownFileType = sourcecode.swift; path = MenuVC.swift; sourceTree = "<group>"; };
		A27D60B325AD76BB00EA1B00 /* MTImageView.swift */ = {isa = PBXFileReference; lastKnownFileType = sourcecode.swift; path = MTImageView.swift; sourceTree = "<group>"; };
		A27D60B925AD770500EA1B00 /* MTButton.swift */ = {isa = PBXFileReference; lastKnownFileType = sourcecode.swift; path = MTButton.swift; sourceTree = "<group>"; };
		A27D60C825ADA2F200EA1B00 /* MTView.swift */ = {isa = PBXFileReference; lastKnownFileType = sourcecode.swift; path = MTView.swift; sourceTree = "<group>"; };
		A27D60D025ADA9B700EA1B00 /* MTBodyLabel.swift */ = {isa = PBXFileReference; fileEncoding = 4; lastKnownFileType = sourcecode.swift; path = MTBodyLabel.swift; sourceTree = "<group>"; };
		A27D60D125ADA9B700EA1B00 /* MTSecondaryTitleLabel.swift */ = {isa = PBXFileReference; fileEncoding = 4; lastKnownFileType = sourcecode.swift; path = MTSecondaryTitleLabel.swift; sourceTree = "<group>"; };
		A27D60D225ADA9B700EA1B00 /* GFTitleLabel.swift */ = {isa = PBXFileReference; fileEncoding = 4; lastKnownFileType = sourcecode.swift; path = GFTitleLabel.swift; sourceTree = "<group>"; };
		A28166D725AEC1C40037B1D5 /* MoneyTransferTests.xctest */ = {isa = PBXFileReference; explicitFileType = wrapper.cfbundle; includeInIndex = 0; path = MoneyTransferTests.xctest; sourceTree = BUILT_PRODUCTS_DIR; };
		A28166D925AEC1C40037B1D5 /* MoneyTransferTests.swift */ = {isa = PBXFileReference; lastKnownFileType = sourcecode.swift; path = MoneyTransferTests.swift; sourceTree = "<group>"; };
		A28166DB25AEC1C40037B1D5 /* Info.plist */ = {isa = PBXFileReference; lastKnownFileType = text.plist.xml; path = Info.plist; sourceTree = "<group>"; };
		A28166FB25AEDB530037B1D5 /* CardView.swift */ = {isa = PBXFileReference; lastKnownFileType = sourcecode.swift; path = CardView.swift; sourceTree = "<group>"; };
		A281670425AEED920037B1D5 /* Card.swift */ = {isa = PBXFileReference; lastKnownFileType = sourcecode.swift; path = Card.swift; sourceTree = "<group>"; };
		A281670D25AEEF4C0037B1D5 /* CardViewCell.swift */ = {isa = PBXFileReference; lastKnownFileType = sourcecode.swift; path = CardViewCell.swift; sourceTree = "<group>"; };
		A2E10C9425B0640100DE7634 /* BaseCardTableVIewCell.swift */ = {isa = PBXFileReference; lastKnownFileType = sourcecode.swift; path = BaseCardTableVIewCell.swift; sourceTree = "<group>"; };
/* End PBXFileReference section */

/* Begin PBXFrameworksBuildPhase section */
		A229362925AC718B00EEB34A /* Frameworks */ = {
			isa = PBXFrameworksBuildPhase;
			buildActionMask = 2147483647;
			files = (
			);
			runOnlyForDeploymentPostprocessing = 0;
		};
		A28166D425AEC1C40037B1D5 /* Frameworks */ = {
			isa = PBXFrameworksBuildPhase;
			buildActionMask = 2147483647;
			files = (
			);
			runOnlyForDeploymentPostprocessing = 0;
		};
/* End PBXFrameworksBuildPhase section */

/* Begin PBXGroup section */
		A229362325AC718B00EEB34A = {
			isa = PBXGroup;
			children = (
				A229362E25AC718B00EEB34A /* MoneyTransfer */,
				A28166D825AEC1C40037B1D5 /* MoneyTransferTests */,
				A229362D25AC718B00EEB34A /* Products */,
			);
			sourceTree = "<group>";
		};
		A229362D25AC718B00EEB34A /* Products */ = {
			isa = PBXGroup;
			children = (
				A229362C25AC718B00EEB34A /* MoneyTransfer.app */,
				A28166D725AEC1C40037B1D5 /* MoneyTransferTests.xctest */,
			);
			name = Products;
			sourceTree = "<group>";
		};
		A229362E25AC718B00EEB34A /* MoneyTransfer */ = {
			isa = PBXGroup;
			children = (
				A281670325AEED830037B1D5 /* Models */,
				A229369C25AD601800EEB34A /* Support */,
				A229369B25AD5FF200EEB34A /* CustomViews */,
				A229369625AD5FD300EEB34A /* Extensions */,
				A229369525AD5FC600EEB34A /* Managers */,
				A229369425AD5FB700EEB34A /* ViewControllers */,
				A229369325AD5FAC00EEB34A /* Utilities */,
				A229363D25AC718D00EEB34A /* Info.plist */,
			);
			path = MoneyTransfer;
			sourceTree = "<group>";
		};
		A229369325AD5FAC00EEB34A /* Utilities */ = {
			isa = PBXGroup;
			children = (
			);
			path = Utilities;
			sourceTree = "<group>";
		};
		A229369425AD5FB700EEB34A /* ViewControllers */ = {
			isa = PBXGroup;
			children = (
				A22936A625AD60B200EEB34A /* TransferVC.swift */,
				A22936A925AD60D300EEB34A /* CardsVC.swift */,
				A22936AC25AD60F100EEB34A /* TransactionsVC.swift */,
				A22936AF25AD610B00EEB34A /* MenuVC.swift */,
			);
			path = ViewControllers;
			sourceTree = "<group>";
		};
		A229369525AD5FC600EEB34A /* Managers */ = {
			isa = PBXGroup;
			children = (
			);
			path = Managers;
			sourceTree = "<group>";
		};
		A229369625AD5FD300EEB34A /* Extensions */ = {
			isa = PBXGroup;
			children = (
			);
			path = Extensions;
			sourceTree = "<group>";
		};
		A229369B25AD5FF200EEB34A /* CustomViews */ = {
			isa = PBXGroup;
			children = (
				A281670A25AEEF360037B1D5 /* Cells */,
				A28166FA25AEDB460037B1D5 /* CardViews */,
				A27D60CF25ADA9A100EA1B00 /* Labels */,
				A27D60C725ADA2E700EA1B00 /* Views */,
				A27D60B825AD76E500EA1B00 /* Buttons */,
				A27D60B725AD76DB00EA1B00 /* ImageViews */,
			);
			path = CustomViews;
			sourceTree = "<group>";
		};
		A229369C25AD601800EEB34A /* Support */ = {
			isa = PBXGroup;
			children = (
				A229362F25AC718B00EEB34A /* AppDelegate.swift */,
				A229363125AC718B00EEB34A /* SceneDelegate.swift */,
				A229363325AC718B00EEB34A /* ViewController.swift */,
				A229363825AC718D00EEB34A /* Assets.xcassets */,
				A229363A25AC718D00EEB34A /* LaunchScreen.storyboard */,
			);
			path = Support;
			sourceTree = "<group>";
		};
		A27D60B725AD76DB00EA1B00 /* ImageViews */ = {
			isa = PBXGroup;
			children = (
				A27D60B325AD76BB00EA1B00 /* MTImageView.swift */,
			);
			path = ImageViews;
			sourceTree = "<group>";
		};
		A27D60B825AD76E500EA1B00 /* Buttons */ = {
			isa = PBXGroup;
			children = (
				A27D60B925AD770500EA1B00 /* MTButton.swift */,
				A21930E525B006B1005AEAE4 /* MTAddCardButton.swift */,
			);
			path = Buttons;
			sourceTree = "<group>";
		};
		A27D60C725ADA2E700EA1B00 /* Views */ = {
			isa = PBXGroup;
			children = (
				A27D60C825ADA2F200EA1B00 /* MTView.swift */,
			);
			path = Views;
			sourceTree = "<group>";
		};
		A27D60CF25ADA9A100EA1B00 /* Labels */ = {
			isa = PBXGroup;
			children = (
				A27D60D025ADA9B700EA1B00 /* MTBodyLabel.swift */,
				A27D60D125ADA9B700EA1B00 /* MTSecondaryTitleLabel.swift */,
				A27D60D225ADA9B700EA1B00 /* GFTitleLabel.swift */,
			);
			path = Labels;
			sourceTree = "<group>";
		};
		A28166D825AEC1C40037B1D5 /* MoneyTransferTests */ = {
			isa = PBXGroup;
			children = (
				A28166D925AEC1C40037B1D5 /* MoneyTransferTests.swift */,
				A28166DB25AEC1C40037B1D5 /* Info.plist */,
			);
			path = MoneyTransferTests;
			sourceTree = "<group>";
		};
		A28166FA25AEDB460037B1D5 /* CardViews */ = {
			isa = PBXGroup;
			children = (
				A28166FB25AEDB530037B1D5 /* CardView.swift */,
			);
			path = CardViews;
			sourceTree = "<group>";
		};
		A281670325AEED830037B1D5 /* Models */ = {
			isa = PBXGroup;
			children = (
				A281670425AEED920037B1D5 /* Card.swift */,
			);
			path = Models;
			sourceTree = "<group>";
		};
		A281670A25AEEF360037B1D5 /* Cells */ = {
			isa = PBXGroup;
			children = (
				A281670D25AEEF4C0037B1D5 /* CardViewCell.swift */,
				A21930E925B012F7005AEAE4 /* MTAddCardButtonCell.swift */,
				A2E10C9425B0640100DE7634 /* BaseCardTableVIewCell.swift */,
			);
			path = Cells;
			sourceTree = "<group>";
		};
/* End PBXGroup section */

/* Begin PBXNativeTarget section */
		A229362B25AC718B00EEB34A /* MoneyTransfer */ = {
			isa = PBXNativeTarget;
			buildConfigurationList = A229364025AC718D00EEB34A /* Build configuration list for PBXNativeTarget "MoneyTransfer" */;
			buildPhases = (
				A229362825AC718B00EEB34A /* Sources */,
				A229362925AC718B00EEB34A /* Frameworks */,
				A229362A25AC718B00EEB34A /* Resources */,
			);
			buildRules = (
			);
			dependencies = (
			);
			name = MoneyTransfer;
			productName = MoneyTransfer;
			productReference = A229362C25AC718B00EEB34A /* MoneyTransfer.app */;
			productType = "com.apple.product-type.application";
		};
		A28166D625AEC1C40037B1D5 /* MoneyTransferTests */ = {
			isa = PBXNativeTarget;
			buildConfigurationList = A28166E025AEC1C40037B1D5 /* Build configuration list for PBXNativeTarget "MoneyTransferTests" */;
			buildPhases = (
				A28166D325AEC1C40037B1D5 /* Sources */,
				A28166D425AEC1C40037B1D5 /* Frameworks */,
				A28166D525AEC1C40037B1D5 /* Resources */,
			);
			buildRules = (
			);
			dependencies = (
				A28166DD25AEC1C40037B1D5 /* PBXTargetDependency */,
			);
			name = MoneyTransferTests;
			productName = MoneyTransferTests;
			productReference = A28166D725AEC1C40037B1D5 /* MoneyTransferTests.xctest */;
			productType = "com.apple.product-type.bundle.unit-test";
		};
/* End PBXNativeTarget section */

/* Begin PBXProject section */
		A229362425AC718B00EEB34A /* Project object */ = {
			isa = PBXProject;
			attributes = {
				LastSwiftUpdateCheck = 1230;
				LastUpgradeCheck = 1230;
				TargetAttributes = {
					A229362B25AC718B00EEB34A = {
						CreatedOnToolsVersion = 12.3;
					};
					A28166D625AEC1C40037B1D5 = {
						CreatedOnToolsVersion = 12.3;
						TestTargetID = A229362B25AC718B00EEB34A;
					};
				};
			};
			buildConfigurationList = A229362725AC718B00EEB34A /* Build configuration list for PBXProject "MoneyTransfer" */;
			compatibilityVersion = "Xcode 9.3";
			developmentRegion = en;
			hasScannedForEncodings = 0;
			knownRegions = (
				en,
				Base,
			);
			mainGroup = A229362325AC718B00EEB34A;
			productRefGroup = A229362D25AC718B00EEB34A /* Products */;
			projectDirPath = "";
			projectRoot = "";
			targets = (
				A229362B25AC718B00EEB34A /* MoneyTransfer */,
				A28166D625AEC1C40037B1D5 /* MoneyTransferTests */,
			);
		};
/* End PBXProject section */

/* Begin PBXResourcesBuildPhase section */
		A229362A25AC718B00EEB34A /* Resources */ = {
			isa = PBXResourcesBuildPhase;
			buildActionMask = 2147483647;
			files = (
				A229363C25AC718D00EEB34A /* LaunchScreen.storyboard in Resources */,
				A229363925AC718D00EEB34A /* Assets.xcassets in Resources */,
			);
			runOnlyForDeploymentPostprocessing = 0;
		};
		A28166D525AEC1C40037B1D5 /* Resources */ = {
			isa = PBXResourcesBuildPhase;
			buildActionMask = 2147483647;
			files = (
			);
			runOnlyForDeploymentPostprocessing = 0;
		};
/* End PBXResourcesBuildPhase section */

/* Begin PBXSourcesBuildPhase section */
		A229362825AC718B00EEB34A /* Sources */ = {
			isa = PBXSourcesBuildPhase;
			buildActionMask = 2147483647;
			files = (
				A27D60D525ADA9B700EA1B00 /* GFTitleLabel.swift in Sources */,
				A27D60B425AD76BB00EA1B00 /* MTImageView.swift in Sources */,
				A2E10C9525B0640100DE7634 /* BaseCardTableVIewCell.swift in Sources */,
				A21930E625B006B1005AEAE4 /* MTAddCardButton.swift in Sources */,
				A21930EA25B012F7005AEAE4 /* MTAddCardButtonCell.swift in Sources */,
				A229363425AC718B00EEB34A /* ViewController.swift in Sources */,
				A27D60BA25AD770500EA1B00 /* MTButton.swift in Sources */,
				A28166FC25AEDB530037B1D5 /* CardView.swift in Sources */,
				A27D60C925ADA2F200EA1B00 /* MTView.swift in Sources */,
				A22936A725AD60B200EEB34A /* TransferVC.swift in Sources */,
				A229363025AC718B00EEB34A /* AppDelegate.swift in Sources */,
				A27D60D325ADA9B700EA1B00 /* MTBodyLabel.swift in Sources */,
				A22936B025AD610B00EEB34A /* MenuVC.swift in Sources */,
				A27D60D425ADA9B700EA1B00 /* MTSecondaryTitleLabel.swift in Sources */,
				A22936AD25AD60F200EEB34A /* TransactionsVC.swift in Sources */,
				A229363225AC718B00EEB34A /* SceneDelegate.swift in Sources */,
				A22936AA25AD60D300EEB34A /* CardsVC.swift in Sources */,
				A281670E25AEEF4C0037B1D5 /* CardViewCell.swift in Sources */,
				A281670525AEED920037B1D5 /* Card.swift in Sources */,
			);
			runOnlyForDeploymentPostprocessing = 0;
		};
		A28166D325AEC1C40037B1D5 /* Sources */ = {
			isa = PBXSourcesBuildPhase;
			buildActionMask = 2147483647;
			files = (
				A28166DA25AEC1C40037B1D5 /* MoneyTransferTests.swift in Sources */,
			);
			runOnlyForDeploymentPostprocessing = 0;
		};
/* End PBXSourcesBuildPhase section */

/* Begin PBXTargetDependency section */
		A28166DD25AEC1C40037B1D5 /* PBXTargetDependency */ = {
			isa = PBXTargetDependency;
			target = A229362B25AC718B00EEB34A /* MoneyTransfer */;
			targetProxy = A28166DC25AEC1C40037B1D5 /* PBXContainerItemProxy */;
		};
/* End PBXTargetDependency section */

/* Begin PBXVariantGroup section */
		A229363A25AC718D00EEB34A /* LaunchScreen.storyboard */ = {
			isa = PBXVariantGroup;
			children = (
				A229363B25AC718D00EEB34A /* Base */,
			);
			name = LaunchScreen.storyboard;
			sourceTree = "<group>";
		};
/* End PBXVariantGroup section */

/* Begin XCBuildConfiguration section */
		A229363E25AC718D00EEB34A /* Debug */ = {
			isa = XCBuildConfiguration;
			buildSettings = {
				ALWAYS_SEARCH_USER_PATHS = NO;
				CLANG_ANALYZER_NONNULL = YES;
				CLANG_ANALYZER_NUMBER_OBJECT_CONVERSION = YES_AGGRESSIVE;
				CLANG_CXX_LANGUAGE_STANDARD = "gnu++14";
				CLANG_CXX_LIBRARY = "libc++";
				CLANG_ENABLE_MODULES = YES;
				CLANG_ENABLE_OBJC_ARC = YES;
				CLANG_ENABLE_OBJC_WEAK = YES;
				CLANG_WARN_BLOCK_CAPTURE_AUTORELEASING = YES;
				CLANG_WARN_BOOL_CONVERSION = YES;
				CLANG_WARN_COMMA = YES;
				CLANG_WARN_CONSTANT_CONVERSION = YES;
				CLANG_WARN_DEPRECATED_OBJC_IMPLEMENTATIONS = YES;
				CLANG_WARN_DIRECT_OBJC_ISA_USAGE = YES_ERROR;
				CLANG_WARN_DOCUMENTATION_COMMENTS = YES;
				CLANG_WARN_EMPTY_BODY = YES;
				CLANG_WARN_ENUM_CONVERSION = YES;
				CLANG_WARN_INFINITE_RECURSION = YES;
				CLANG_WARN_INT_CONVERSION = YES;
				CLANG_WARN_NON_LITERAL_NULL_CONVERSION = YES;
				CLANG_WARN_OBJC_IMPLICIT_RETAIN_SELF = YES;
				CLANG_WARN_OBJC_LITERAL_CONVERSION = YES;
				CLANG_WARN_OBJC_ROOT_CLASS = YES_ERROR;
				CLANG_WARN_QUOTED_INCLUDE_IN_FRAMEWORK_HEADER = YES;
				CLANG_WARN_RANGE_LOOP_ANALYSIS = YES;
				CLANG_WARN_STRICT_PROTOTYPES = YES;
				CLANG_WARN_SUSPICIOUS_MOVE = YES;
				CLANG_WARN_UNGUARDED_AVAILABILITY = YES_AGGRESSIVE;
				CLANG_WARN_UNREACHABLE_CODE = YES;
				CLANG_WARN__DUPLICATE_METHOD_MATCH = YES;
				COPY_PHASE_STRIP = NO;
				DEBUG_INFORMATION_FORMAT = dwarf;
				ENABLE_STRICT_OBJC_MSGSEND = YES;
				ENABLE_TESTABILITY = YES;
				GCC_C_LANGUAGE_STANDARD = gnu11;
				GCC_DYNAMIC_NO_PIC = NO;
				GCC_NO_COMMON_BLOCKS = YES;
				GCC_OPTIMIZATION_LEVEL = 0;
				GCC_PREPROCESSOR_DEFINITIONS = (
					"DEBUG=1",
					"$(inherited)",
				);
				GCC_WARN_64_TO_32_BIT_CONVERSION = YES;
				GCC_WARN_ABOUT_RETURN_TYPE = YES_ERROR;
				GCC_WARN_UNDECLARED_SELECTOR = YES;
				GCC_WARN_UNINITIALIZED_AUTOS = YES_AGGRESSIVE;
				GCC_WARN_UNUSED_FUNCTION = YES;
				GCC_WARN_UNUSED_VARIABLE = YES;
				IPHONEOS_DEPLOYMENT_TARGET = 14.3;
				MTL_ENABLE_DEBUG_INFO = INCLUDE_SOURCE;
				MTL_FAST_MATH = YES;
				ONLY_ACTIVE_ARCH = YES;
				SDKROOT = iphoneos;
				SWIFT_ACTIVE_COMPILATION_CONDITIONS = DEBUG;
				SWIFT_OPTIMIZATION_LEVEL = "-Onone";
			};
			name = Debug;
		};
		A229363F25AC718D00EEB34A /* Release */ = {
			isa = XCBuildConfiguration;
			buildSettings = {
				ALWAYS_SEARCH_USER_PATHS = NO;
				CLANG_ANALYZER_NONNULL = YES;
				CLANG_ANALYZER_NUMBER_OBJECT_CONVERSION = YES_AGGRESSIVE;
				CLANG_CXX_LANGUAGE_STANDARD = "gnu++14";
				CLANG_CXX_LIBRARY = "libc++";
				CLANG_ENABLE_MODULES = YES;
				CLANG_ENABLE_OBJC_ARC = YES;
				CLANG_ENABLE_OBJC_WEAK = YES;
				CLANG_WARN_BLOCK_CAPTURE_AUTORELEASING = YES;
				CLANG_WARN_BOOL_CONVERSION = YES;
				CLANG_WARN_COMMA = YES;
				CLANG_WARN_CONSTANT_CONVERSION = YES;
				CLANG_WARN_DEPRECATED_OBJC_IMPLEMENTATIONS = YES;
				CLANG_WARN_DIRECT_OBJC_ISA_USAGE = YES_ERROR;
				CLANG_WARN_DOCUMENTATION_COMMENTS = YES;
				CLANG_WARN_EMPTY_BODY = YES;
				CLANG_WARN_ENUM_CONVERSION = YES;
				CLANG_WARN_INFINITE_RECURSION = YES;
				CLANG_WARN_INT_CONVERSION = YES;
				CLANG_WARN_NON_LITERAL_NULL_CONVERSION = YES;
				CLANG_WARN_OBJC_IMPLICIT_RETAIN_SELF = YES;
				CLANG_WARN_OBJC_LITERAL_CONVERSION = YES;
				CLANG_WARN_OBJC_ROOT_CLASS = YES_ERROR;
				CLANG_WARN_QUOTED_INCLUDE_IN_FRAMEWORK_HEADER = YES;
				CLANG_WARN_RANGE_LOOP_ANALYSIS = YES;
				CLANG_WARN_STRICT_PROTOTYPES = YES;
				CLANG_WARN_SUSPICIOUS_MOVE = YES;
				CLANG_WARN_UNGUARDED_AVAILABILITY = YES_AGGRESSIVE;
				CLANG_WARN_UNREACHABLE_CODE = YES;
				CLANG_WARN__DUPLICATE_METHOD_MATCH = YES;
				COPY_PHASE_STRIP = NO;
				DEBUG_INFORMATION_FORMAT = "dwarf-with-dsym";
				ENABLE_NS_ASSERTIONS = NO;
				ENABLE_STRICT_OBJC_MSGSEND = YES;
				GCC_C_LANGUAGE_STANDARD = gnu11;
				GCC_NO_COMMON_BLOCKS = YES;
				GCC_WARN_64_TO_32_BIT_CONVERSION = YES;
				GCC_WARN_ABOUT_RETURN_TYPE = YES_ERROR;
				GCC_WARN_UNDECLARED_SELECTOR = YES;
				GCC_WARN_UNINITIALIZED_AUTOS = YES_AGGRESSIVE;
				GCC_WARN_UNUSED_FUNCTION = YES;
				GCC_WARN_UNUSED_VARIABLE = YES;
				IPHONEOS_DEPLOYMENT_TARGET = 14.3;
				MTL_ENABLE_DEBUG_INFO = NO;
				MTL_FAST_MATH = YES;
				SDKROOT = iphoneos;
				SWIFT_COMPILATION_MODE = wholemodule;
				SWIFT_OPTIMIZATION_LEVEL = "-O";
				VALIDATE_PRODUCT = YES;
			};
			name = Release;
		};
		A229364125AC718D00EEB34A /* Debug */ = {
			isa = XCBuildConfiguration;
			buildSettings = {
				ASSETCATALOG_COMPILER_APPICON_NAME = AppIcon;
				ASSETCATALOG_COMPILER_GLOBAL_ACCENT_COLOR_NAME = AccentColor;
				CODE_SIGN_STYLE = Automatic;
				DEVELOPMENT_TEAM = 42U8HC3WSH;
				FRAMEWORK_SEARCH_PATHS = (
					"$(inherited)",
					"$(PROJECT_DIR)/MoneyTransfer",
				);
				INFOPLIST_FILE = MoneyTransfer/Info.plist;
				LD_RUNPATH_SEARCH_PATHS = (
					"$(inherited)",
					"@executable_path/Frameworks",
				);
				PRODUCT_BUNDLE_IDENTIFIER = Mukhammadjonaskarov.MoneyTransfer;
				PRODUCT_NAME = "$(TARGET_NAME)";
				SWIFT_VERSION = 5.0;
				TARGETED_DEVICE_FAMILY = "1,2";
			};
			name = Debug;
		};
		A229364225AC718D00EEB34A /* Release */ = {
			isa = XCBuildConfiguration;
			buildSettings = {
				ASSETCATALOG_COMPILER_APPICON_NAME = AppIcon;
				ASSETCATALOG_COMPILER_GLOBAL_ACCENT_COLOR_NAME = AccentColor;
				CODE_SIGN_STYLE = Automatic;
				DEVELOPMENT_TEAM = 42U8HC3WSH;
				FRAMEWORK_SEARCH_PATHS = (
					"$(inherited)",
					"$(PROJECT_DIR)/MoneyTransfer",
				);
				INFOPLIST_FILE = MoneyTransfer/Info.plist;
				LD_RUNPATH_SEARCH_PATHS = (
					"$(inherited)",
					"@executable_path/Frameworks",
				);
				PRODUCT_BUNDLE_IDENTIFIER = Mukhammadjonaskarov.MoneyTransfer;
				PRODUCT_NAME = "$(TARGET_NAME)";
				SWIFT_VERSION = 5.0;
				TARGETED_DEVICE_FAMILY = "1,2";
			};
			name = Release;
		};
		A28166DE25AEC1C40037B1D5 /* Debug */ = {
			isa = XCBuildConfiguration;
			buildSettings = {
				BUNDLE_LOADER = "$(TEST_HOST)";
				CODE_SIGN_STYLE = Automatic;
				DEVELOPMENT_TEAM = 42U8HC3WSH;
				INFOPLIST_FILE = MoneyTransferTests/Info.plist;
				LD_RUNPATH_SEARCH_PATHS = (
					"$(inherited)",
					"@executable_path/Frameworks",
					"@loader_path/Frameworks",
				);
				PRODUCT_BUNDLE_IDENTIFIER = Mukhammadjonaskarov.MoneyTransferTests;
				PRODUCT_NAME = "$(TARGET_NAME)";
				SWIFT_VERSION = 5.0;
				TARGETED_DEVICE_FAMILY = "1,2";
				TEST_HOST = "$(BUILT_PRODUCTS_DIR)/MoneyTransfer.app/MoneyTransfer";
			};
			name = Debug;
		};
		A28166DF25AEC1C40037B1D5 /* Release */ = {
			isa = XCBuildConfiguration;
			buildSettings = {
				BUNDLE_LOADER = "$(TEST_HOST)";
				CODE_SIGN_STYLE = Automatic;
				DEVELOPMENT_TEAM = 42U8HC3WSH;
				INFOPLIST_FILE = MoneyTransferTests/Info.plist;
				LD_RUNPATH_SEARCH_PATHS = (
					"$(inherited)",
					"@executable_path/Frameworks",
					"@loader_path/Frameworks",
				);
				PRODUCT_BUNDLE_IDENTIFIER = Mukhammadjonaskarov.MoneyTransferTests;
				PRODUCT_NAME = "$(TARGET_NAME)";
				SWIFT_VERSION = 5.0;
				TARGETED_DEVICE_FAMILY = "1,2";
				TEST_HOST = "$(BUILT_PRODUCTS_DIR)/MoneyTransfer.app/MoneyTransfer";
			};
			name = Release;
		};
/* End XCBuildConfiguration section */

/* Begin XCConfigurationList section */
		A229362725AC718B00EEB34A /* Build configuration list for PBXProject "MoneyTransfer" */ = {
			isa = XCConfigurationList;
			buildConfigurations = (
				A229363E25AC718D00EEB34A /* Debug */,
				A229363F25AC718D00EEB34A /* Release */,
			);
			defaultConfigurationIsVisible = 0;
			defaultConfigurationName = Release;
		};
		A229364025AC718D00EEB34A /* Build configuration list for PBXNativeTarget "MoneyTransfer" */ = {
			isa = XCConfigurationList;
			buildConfigurations = (
				A229364125AC718D00EEB34A /* Debug */,
				A229364225AC718D00EEB34A /* Release */,
			);
			defaultConfigurationIsVisible = 0;
			defaultConfigurationName = Release;
		};
		A28166E025AEC1C40037B1D5 /* Build configuration list for PBXNativeTarget "MoneyTransferTests" */ = {
			isa = XCConfigurationList;
			buildConfigurations = (
				A28166DE25AEC1C40037B1D5 /* Debug */,
				A28166DF25AEC1C40037B1D5 /* Release */,
			);
			defaultConfigurationIsVisible = 0;
			defaultConfigurationName = Release;
		};
/* End XCConfigurationList section */
	};
	rootObject = A229362425AC718B00EEB34A /* Project object */;
}
